// !$*UTF8*$!
{
	archiveVersion = 1;
	classes = {
	};
	objectVersion = 56;
	objects = {

/* Begin PBXBuildFile section */
		4D1B89C12C8372C200CC3F06 /* AppDelegate.swift in Sources */ = {isa = PBXBuildFile; fileRef = 4D1B89C02C8372C200CC3F06 /* AppDelegate.swift */; };
		4D1B89C32C8372C200CC3F06 /* SceneDelegate.swift in Sources */ = {isa = PBXBuildFile; fileRef = 4D1B89C22C8372C200CC3F06 /* SceneDelegate.swift */; };
		4D1B89CA2C8372C300CC3F06 /* Assets.xcassets in Resources */ = {isa = PBXBuildFile; fileRef = 4D1B89C92C8372C300CC3F06 /* Assets.xcassets */; };
		4D1B89CD2C8372C300CC3F06 /* LaunchScreen.storyboard in Resources */ = {isa = PBXBuildFile; fileRef = 4D1B89CB2C8372C300CC3F06 /* LaunchScreen.storyboard */; };
		4D1B89D82C8372C300CC3F06 /* GistAppTests.swift in Sources */ = {isa = PBXBuildFile; fileRef = 4D1B89D72C8372C300CC3F06 /* GistAppTests.swift */; };
		4D1B89F32C83764000CC3F06 /* AppStarter.swift in Sources */ = {isa = PBXBuildFile; fileRef = 4D1B89F22C83764000CC3F06 /* AppStarter.swift */; };
		4D1B8A182C83C00200CC3F06 /* FavoritesKit in Resources */ = {isa = PBXBuildFile; fileRef = 4D1B8A142C83C00200CC3F06 /* FavoritesKit */; };
		4D1B8A192C83C00200CC3F06 /* GistDetailKit in Resources */ = {isa = PBXBuildFile; fileRef = 4D1B8A152C83C00200CC3F06 /* GistDetailKit */; };
		4D1B8A1A2C83C00200CC3F06 /* NetworkKit in Resources */ = {isa = PBXBuildFile; fileRef = 4D1B8A172C83C00200CC3F06 /* NetworkKit */; };
		4D706A7B2C83CB0A0095DD64 /* GistDetailRouteDescriptor.swift in Sources */ = {isa = PBXBuildFile; fileRef = 4D706A7A2C83CB0A0095DD64 /* GistDetailRouteDescriptor.swift */; };
		4D706A7D2C83CB380095DD64 /* FavoritesRouteDescriptor.swift in Sources */ = {isa = PBXBuildFile; fileRef = 4D706A7C2C83CB380095DD64 /* FavoritesRouteDescriptor.swift */; };
		4D706A802C83CD720095DD64 /* GistDetailKit in Frameworks */ = {isa = PBXBuildFile; productRef = 4D706A7F2C83CD720095DD64 /* GistDetailKit */; };
		4D706A822C83CD760095DD64 /* FavoritesKit in Frameworks */ = {isa = PBXBuildFile; productRef = 4D706A812C83CD760095DD64 /* FavoritesKit */; };
		4D71DBDA2C83C17800F88D17 /* RouterKit in Frameworks */ = {isa = PBXBuildFile; productRef = 4D71DBD92C83C17800F88D17 /* RouterKit */; };
		4D71DBDF2C83C19000F88D17 /* DescriptorsManager.swift in Sources */ = {isa = PBXBuildFile; fileRef = 4D71DBDC2C83C18F00F88D17 /* DescriptorsManager.swift */; };
		4D71DBE02C83C19000F88D17 /* GistRouteDescriptor.swift in Sources */ = {isa = PBXBuildFile; fileRef = 4D71DBDE2C83C18F00F88D17 /* GistRouteDescriptor.swift */; };
		4D71DBE22C83C19C00F88D17 /* GistKit in Frameworks */ = {isa = PBXBuildFile; productRef = 4D71DBE12C83C19C00F88D17 /* GistKit */; };
		4DE0BCA72C8664EB00E69F62 /* DatabaseKit in Frameworks */ = {isa = PBXBuildFile; productRef = 4DE0BCA62C8664EB00E69F62 /* DatabaseKit */; };
/* End PBXBuildFile section */

/* Begin PBXContainerItemProxy section */
		4D1B89D42C8372C300CC3F06 /* PBXContainerItemProxy */ = {
			isa = PBXContainerItemProxy;
			containerPortal = 4D1B89B52C8372C200CC3F06 /* Project object */;
			proxyType = 1;
			remoteGlobalIDString = 4D1B89BC2C8372C200CC3F06;
			remoteInfo = GistApp;
		};
/* End PBXContainerItemProxy section */

/* Begin PBXFileReference section */
		4D1B89BD2C8372C200CC3F06 /* GistApp.app */ = {isa = PBXFileReference; explicitFileType = wrapper.application; includeInIndex = 0; path = GistApp.app; sourceTree = BUILT_PRODUCTS_DIR; };
		4D1B89C02C8372C200CC3F06 /* AppDelegate.swift */ = {isa = PBXFileReference; lastKnownFileType = sourcecode.swift; path = AppDelegate.swift; sourceTree = "<group>"; };
		4D1B89C22C8372C200CC3F06 /* SceneDelegate.swift */ = {isa = PBXFileReference; lastKnownFileType = sourcecode.swift; path = SceneDelegate.swift; sourceTree = "<group>"; };
		4D1B89C92C8372C300CC3F06 /* Assets.xcassets */ = {isa = PBXFileReference; lastKnownFileType = folder.assetcatalog; path = Assets.xcassets; sourceTree = "<group>"; };
		4D1B89CC2C8372C300CC3F06 /* Base */ = {isa = PBXFileReference; lastKnownFileType = file.storyboard; name = Base; path = Base.lproj/LaunchScreen.storyboard; sourceTree = "<group>"; };
		4D1B89CE2C8372C300CC3F06 /* Info.plist */ = {isa = PBXFileReference; lastKnownFileType = text.plist.xml; path = Info.plist; sourceTree = "<group>"; };
		4D1B89D32C8372C300CC3F06 /* GistAppTests.xctest */ = {isa = PBXFileReference; explicitFileType = wrapper.cfbundle; includeInIndex = 0; path = GistAppTests.xctest; sourceTree = BUILT_PRODUCTS_DIR; };
		4D1B89D72C8372C300CC3F06 /* GistAppTests.swift */ = {isa = PBXFileReference; lastKnownFileType = sourcecode.swift; path = GistAppTests.swift; sourceTree = "<group>"; };
		4D1B89F22C83764000CC3F06 /* AppStarter.swift */ = {isa = PBXFileReference; lastKnownFileType = sourcecode.swift; path = AppStarter.swift; sourceTree = "<group>"; };
		4D1B8A142C83C00200CC3F06 /* FavoritesKit */ = {isa = PBXFileReference; lastKnownFileType = wrapper; path = FavoritesKit; sourceTree = "<group>"; };
		4D1B8A152C83C00200CC3F06 /* GistDetailKit */ = {isa = PBXFileReference; lastKnownFileType = wrapper; path = GistDetailKit; sourceTree = "<group>"; };
		4D1B8A172C83C00200CC3F06 /* NetworkKit */ = {isa = PBXFileReference; lastKnownFileType = wrapper; path = NetworkKit; sourceTree = "<group>"; };
		4D69881B2C86640300F6B9C2 /* DatabaseKit */ = {isa = PBXFileReference; lastKnownFileType = wrapper; path = DatabaseKit; sourceTree = "<group>"; };
		4D706A7A2C83CB0A0095DD64 /* GistDetailRouteDescriptor.swift */ = {isa = PBXFileReference; lastKnownFileType = sourcecode.swift; path = GistDetailRouteDescriptor.swift; sourceTree = "<group>"; };
		4D706A7C2C83CB380095DD64 /* FavoritesRouteDescriptor.swift */ = {isa = PBXFileReference; lastKnownFileType = sourcecode.swift; path = FavoritesRouteDescriptor.swift; sourceTree = "<group>"; };
		4D706A7E2C83CBF70095DD64 /* DynamicKit */ = {isa = PBXFileReference; lastKnownFileType = wrapper; path = DynamicKit; sourceTree = "<group>"; };
		4D706A832C83FAD20095DD64 /* CommonKit */ = {isa = PBXFileReference; lastKnownFileType = wrapper; path = CommonKit; sourceTree = "<group>"; };
		4D71DBD72C83C16800F88D17 /* RouterKit */ = {isa = PBXFileReference; lastKnownFileType = wrapper; path = RouterKit; sourceTree = "<group>"; };
		4D71DBD82C83C16800F88D17 /* ComponentsKit */ = {isa = PBXFileReference; lastKnownFileType = wrapper; path = ComponentsKit; sourceTree = "<group>"; };
		4D71DBDC2C83C18F00F88D17 /* DescriptorsManager.swift */ = {isa = PBXFileReference; fileEncoding = 4; lastKnownFileType = sourcecode.swift; path = DescriptorsManager.swift; sourceTree = "<group>"; };
		4D71DBDE2C83C18F00F88D17 /* GistRouteDescriptor.swift */ = {isa = PBXFileReference; fileEncoding = 4; lastKnownFileType = sourcecode.swift; path = GistRouteDescriptor.swift; sourceTree = "<group>"; };
		4DF2B7AB2C83C14000ACBBD7 /* GistKit */ = {isa = PBXFileReference; lastKnownFileType = wrapper; path = GistKit; sourceTree = "<group>"; };
/* End PBXFileReference section */

/* Begin PBXFrameworksBuildPhase section */
		4D1B89BA2C8372C200CC3F06 /* Frameworks */ = {
			isa = PBXFrameworksBuildPhase;
			buildActionMask = 2147483647;
			files = (
				4D71DBE22C83C19C00F88D17 /* GistKit in Frameworks */,
				4D706A802C83CD720095DD64 /* GistDetailKit in Frameworks */,
				4DE0BCA72C8664EB00E69F62 /* DatabaseKit in Frameworks */,
				4D71DBDA2C83C17800F88D17 /* RouterKit in Frameworks */,
				4D706A822C83CD760095DD64 /* FavoritesKit in Frameworks */,
			);
			runOnlyForDeploymentPostprocessing = 0;
		};
		4D1B89D02C8372C300CC3F06 /* Frameworks */ = {
			isa = PBXFrameworksBuildPhase;
			buildActionMask = 2147483647;
			files = (
			);
			runOnlyForDeploymentPostprocessing = 0;
		};
/* End PBXFrameworksBuildPhase section */

/* Begin PBXGroup section */
		4D1B89B42C8372C200CC3F06 = {
			isa = PBXGroup;
			children = (
				4D1B89BF2C8372C200CC3F06 /* GistApp */,
				4D1B89D62C8372C300CC3F06 /* GistAppTests */,
				4D1B89BE2C8372C200CC3F06 /* Products */,
				4D1B8A1B2C83C00D00CC3F06 /* Frameworks */,
			);
			sourceTree = "<group>";
		};
		4D1B89BE2C8372C200CC3F06 /* Products */ = {
			isa = PBXGroup;
			children = (
				4D1B89BD2C8372C200CC3F06 /* GistApp.app */,
				4D1B89D32C8372C300CC3F06 /* GistAppTests.xctest */,
			);
			name = Products;
			sourceTree = "<group>";
		};
		4D1B89BF2C8372C200CC3F06 /* GistApp */ = {
			isa = PBXGroup;
			children = (
				4D1B8A122C83C00200CC3F06 /* Packages */,
				4D1B89F12C83738200CC3F06 /* Application */,
				4D1B89F02C83737500CC3F06 /* Resources */,
			);
			path = GistApp;
			sourceTree = "<group>";
		};
		4D1B89D62C8372C300CC3F06 /* GistAppTests */ = {
			isa = PBXGroup;
			children = (
				4D1B89D72C8372C300CC3F06 /* GistAppTests.swift */,
			);
			path = GistAppTests;
			sourceTree = "<group>";
		};
		4D1B89F02C83737500CC3F06 /* Resources */ = {
			isa = PBXGroup;
			children = (
				4D1B89C92C8372C300CC3F06 /* Assets.xcassets */,
				4D1B89CB2C8372C300CC3F06 /* LaunchScreen.storyboard */,
				4D1B89CE2C8372C300CC3F06 /* Info.plist */,
			);
			path = Resources;
			sourceTree = "<group>";
		};
		4D1B89F12C83738200CC3F06 /* Application */ = {
			isa = PBXGroup;
			children = (
				4D1B89C02C8372C200CC3F06 /* AppDelegate.swift */,
				4D1B89F22C83764000CC3F06 /* AppStarter.swift */,
				4D1B89C22C8372C200CC3F06 /* SceneDelegate.swift */,
				4D71DBDB2C83C18F00F88D17 /* Navigation */,
			);
			path = Application;
			sourceTree = "<group>";
		};
		4D1B8A122C83C00200CC3F06 /* Packages */ = {
			isa = PBXGroup;
			children = (
				4D1B8A132C83C00200CC3F06 /* Features */,
				4D1B8A162C83C00200CC3F06 /* Foundation */,
			);
			name = Packages;
			path = GistApp/Packages;
			sourceTree = SOURCE_ROOT;
		};
		4D1B8A132C83C00200CC3F06 /* Features */ = {
			isa = PBXGroup;
			children = (
				4DF2B7AB2C83C14000ACBBD7 /* GistKit */,
				4D1B8A142C83C00200CC3F06 /* FavoritesKit */,
				4D1B8A152C83C00200CC3F06 /* GistDetailKit */,
			);
			path = Features;
			sourceTree = "<group>";
		};
		4D1B8A162C83C00200CC3F06 /* Foundation */ = {
			isa = PBXGroup;
			children = (
				4D69881B2C86640300F6B9C2 /* DatabaseKit */,
				4D706A832C83FAD20095DD64 /* CommonKit */,
				4D706A7E2C83CBF70095DD64 /* DynamicKit */,
				4D71DBD82C83C16800F88D17 /* ComponentsKit */,
				4D71DBD72C83C16800F88D17 /* RouterKit */,
				4D1B8A172C83C00200CC3F06 /* NetworkKit */,
			);
			path = Foundation;
			sourceTree = "<group>";
		};
		4D1B8A1B2C83C00D00CC3F06 /* Frameworks */ = {
			isa = PBXGroup;
			children = (
			);
			name = Frameworks;
			sourceTree = "<group>";
		};
		4D71DBDB2C83C18F00F88D17 /* Navigation */ = {
			isa = PBXGroup;
			children = (
				4D71DBDC2C83C18F00F88D17 /* DescriptorsManager.swift */,
				4D71DBDD2C83C18F00F88D17 /* Routes */,
			);
			path = Navigation;
			sourceTree = "<group>";
		};
		4D71DBDD2C83C18F00F88D17 /* Routes */ = {
			isa = PBXGroup;
			children = (
				4D71DBDE2C83C18F00F88D17 /* GistRouteDescriptor.swift */,
				4D706A7A2C83CB0A0095DD64 /* GistDetailRouteDescriptor.swift */,
				4D706A7C2C83CB380095DD64 /* FavoritesRouteDescriptor.swift */,
			);
			path = Routes;
			sourceTree = "<group>";
		};
/* End PBXGroup section */

/* Begin PBXNativeTarget section */
		4D1B89BC2C8372C200CC3F06 /* GistApp */ = {
			isa = PBXNativeTarget;
			buildConfigurationList = 4D1B89E72C8372C300CC3F06 /* Build configuration list for PBXNativeTarget "GistApp" */;
			buildPhases = (
				4D1B89B92C8372C200CC3F06 /* Sources */,
				4D1B89BA2C8372C200CC3F06 /* Frameworks */,
				4D1B89BB2C8372C200CC3F06 /* Resources */,
			);
			buildRules = (
			);
			dependencies = (
			);
			name = GistApp;
			packageProductDependencies = (
				4D71DBD92C83C17800F88D17 /* RouterKit */,
				4D71DBE12C83C19C00F88D17 /* GistKit */,
				4D706A7F2C83CD720095DD64 /* GistDetailKit */,
				4D706A812C83CD760095DD64 /* FavoritesKit */,
				4DE0BCA62C8664EB00E69F62 /* DatabaseKit */,
			);
			productName = GistApp;
			productReference = 4D1B89BD2C8372C200CC3F06 /* GistApp.app */;
			productType = "com.apple.product-type.application";
		};
		4D1B89D22C8372C300CC3F06 /* GistAppTests */ = {
			isa = PBXNativeTarget;
			buildConfigurationList = 4D1B89EA2C8372C300CC3F06 /* Build configuration list for PBXNativeTarget "GistAppTests" */;
			buildPhases = (
				4D1B89CF2C8372C300CC3F06 /* Sources */,
				4D1B89D02C8372C300CC3F06 /* Frameworks */,
				4D1B89D12C8372C300CC3F06 /* Resources */,
			);
			buildRules = (
			);
			dependencies = (
				4D1B89D52C8372C300CC3F06 /* PBXTargetDependency */,
			);
			name = GistAppTests;
			productName = GistAppTests;
			productReference = 4D1B89D32C8372C300CC3F06 /* GistAppTests.xctest */;
			productType = "com.apple.product-type.bundle.unit-test";
		};
/* End PBXNativeTarget section */

/* Begin PBXProject section */
		4D1B89B52C8372C200CC3F06 /* Project object */ = {
			isa = PBXProject;
			attributes = {
				BuildIndependentTargetsInParallel = 1;
				LastSwiftUpdateCheck = 1520;
				LastUpgradeCheck = 1520;
				TargetAttributes = {
					4D1B89BC2C8372C200CC3F06 = {
						CreatedOnToolsVersion = 15.2;
					};
					4D1B89D22C8372C300CC3F06 = {
						CreatedOnToolsVersion = 15.2;
						TestTargetID = 4D1B89BC2C8372C200CC3F06;
					};
				};
			};
			buildConfigurationList = 4D1B89B82C8372C200CC3F06 /* Build configuration list for PBXProject "GistApp" */;
			compatibilityVersion = "Xcode 14.0";
			developmentRegion = en;
			hasScannedForEncodings = 0;
			knownRegions = (
				en,
				Base,
			);
			mainGroup = 4D1B89B42C8372C200CC3F06;
			productRefGroup = 4D1B89BE2C8372C200CC3F06 /* Products */;
			projectDirPath = "";
			projectRoot = "";
			targets = (
				4D1B89BC2C8372C200CC3F06 /* GistApp */,
				4D1B89D22C8372C300CC3F06 /* GistAppTests */,
			);
		};
/* End PBXProject section */

/* Begin PBXResourcesBuildPhase section */
		4D1B89BB2C8372C200CC3F06 /* Resources */ = {
			isa = PBXResourcesBuildPhase;
			buildActionMask = 2147483647;
			files = (
				4D1B89CD2C8372C300CC3F06 /* LaunchScreen.storyboard in Resources */,
				4D1B8A182C83C00200CC3F06 /* FavoritesKit in Resources */,
				4D1B89CA2C8372C300CC3F06 /* Assets.xcassets in Resources */,
				4D1B8A1A2C83C00200CC3F06 /* NetworkKit in Resources */,
				4D1B8A192C83C00200CC3F06 /* GistDetailKit in Resources */,
			);
			runOnlyForDeploymentPostprocessing = 0;
		};
		4D1B89D12C8372C300CC3F06 /* Resources */ = {
			isa = PBXResourcesBuildPhase;
			buildActionMask = 2147483647;
			files = (
			);
			runOnlyForDeploymentPostprocessing = 0;
		};
/* End PBXResourcesBuildPhase section */

/* Begin PBXSourcesBuildPhase section */
		4D1B89B92C8372C200CC3F06 /* Sources */ = {
			isa = PBXSourcesBuildPhase;
			buildActionMask = 2147483647;
			files = (
				4D706A7B2C83CB0A0095DD64 /* GistDetailRouteDescriptor.swift in Sources */,
				4D71DBDF2C83C19000F88D17 /* DescriptorsManager.swift in Sources */,
				4D1B89F32C83764000CC3F06 /* AppStarter.swift in Sources */,
				4D1B89C12C8372C200CC3F06 /* AppDelegate.swift in Sources */,
				4D71DBE02C83C19000F88D17 /* GistRouteDescriptor.swift in Sources */,
				4D1B89C32C8372C200CC3F06 /* SceneDelegate.swift in Sources */,
				4D706A7D2C83CB380095DD64 /* FavoritesRouteDescriptor.swift in Sources */,
			);
			runOnlyForDeploymentPostprocessing = 0;
		};
		4D1B89CF2C8372C300CC3F06 /* Sources */ = {
			isa = PBXSourcesBuildPhase;
			buildActionMask = 2147483647;
			files = (
				4D1B89D82C8372C300CC3F06 /* GistAppTests.swift in Sources */,
			);
			runOnlyForDeploymentPostprocessing = 0;
		};
/* End PBXSourcesBuildPhase section */

/* Begin PBXTargetDependency section */
		4D1B89D52C8372C300CC3F06 /* PBXTargetDependency */ = {
			isa = PBXTargetDependency;
			target = 4D1B89BC2C8372C200CC3F06 /* GistApp */;
			targetProxy = 4D1B89D42C8372C300CC3F06 /* PBXContainerItemProxy */;
		};
/* End PBXTargetDependency section */

/* Begin PBXVariantGroup section */
		4D1B89CB2C8372C300CC3F06 /* LaunchScreen.storyboard */ = {
			isa = PBXVariantGroup;
			children = (
				4D1B89CC2C8372C300CC3F06 /* Base */,
			);
			name = LaunchScreen.storyboard;
			sourceTree = "<group>";
		};
/* End PBXVariantGroup section */

/* Begin XCBuildConfiguration section */
		4D1B89E52C8372C300CC3F06 /* Debug */ = {
			isa = XCBuildConfiguration;
			buildSettings = {
				ALWAYS_SEARCH_USER_PATHS = NO;
				ASSETCATALOG_COMPILER_GENERATE_SWIFT_ASSET_SYMBOL_EXTENSIONS = YES;
				CLANG_ANALYZER_NONNULL = YES;
				CLANG_ANALYZER_NUMBER_OBJECT_CONVERSION = YES_AGGRESSIVE;
				CLANG_CXX_LANGUAGE_STANDARD = "gnu++20";
				CLANG_ENABLE_MODULES = YES;
				CLANG_ENABLE_OBJC_ARC = YES;
				CLANG_ENABLE_OBJC_WEAK = YES;
				CLANG_WARN_BLOCK_CAPTURE_AUTORELEASING = YES;
				CLANG_WARN_BOOL_CONVERSION = YES;
				CLANG_WARN_COMMA = YES;
				CLANG_WARN_CONSTANT_CONVERSION = YES;
				CLANG_WARN_DEPRECATED_OBJC_IMPLEMENTATIONS = YES;
				CLANG_WARN_DIRECT_OBJC_ISA_USAGE = YES_ERROR;
				CLANG_WARN_DOCUMENTATION_COMMENTS = YES;
				CLANG_WARN_EMPTY_BODY = YES;
				CLANG_WARN_ENUM_CONVERSION = YES;
				CLANG_WARN_INFINITE_RECURSION = YES;
				CLANG_WARN_INT_CONVERSION = YES;
				CLANG_WARN_NON_LITERAL_NULL_CONVERSION = YES;
				CLANG_WARN_OBJC_IMPLICIT_RETAIN_SELF = YES;
				CLANG_WARN_OBJC_LITERAL_CONVERSION = YES;
				CLANG_WARN_OBJC_ROOT_CLASS = YES_ERROR;
				CLANG_WARN_QUOTED_INCLUDE_IN_FRAMEWORK_HEADER = YES;
				CLANG_WARN_RANGE_LOOP_ANALYSIS = YES;
				CLANG_WARN_STRICT_PROTOTYPES = YES;
				CLANG_WARN_SUSPICIOUS_MOVE = YES;
				CLANG_WARN_UNGUARDED_AVAILABILITY = YES_AGGRESSIVE;
				CLANG_WARN_UNREACHABLE_CODE = YES;
				CLANG_WARN__DUPLICATE_METHOD_MATCH = YES;
				COPY_PHASE_STRIP = NO;
				DEBUG_INFORMATION_FORMAT = dwarf;
				ENABLE_STRICT_OBJC_MSGSEND = YES;
				ENABLE_TESTABILITY = YES;
				ENABLE_USER_SCRIPT_SANDBOXING = YES;
				GCC_C_LANGUAGE_STANDARD = gnu17;
				GCC_DYNAMIC_NO_PIC = NO;
				GCC_NO_COMMON_BLOCKS = YES;
				GCC_OPTIMIZATION_LEVEL = 0;
				GCC_PREPROCESSOR_DEFINITIONS = (
					"DEBUG=1",
					"$(inherited)",
				);
				GCC_WARN_64_TO_32_BIT_CONVERSION = YES;
				GCC_WARN_ABOUT_RETURN_TYPE = YES_ERROR;
				GCC_WARN_UNDECLARED_SELECTOR = YES;
				GCC_WARN_UNINITIALIZED_AUTOS = YES_AGGRESSIVE;
				GCC_WARN_UNUSED_FUNCTION = YES;
				GCC_WARN_UNUSED_VARIABLE = YES;
				IPHONEOS_DEPLOYMENT_TARGET = 15.0;
				LOCALIZATION_PREFERS_STRING_CATALOGS = YES;
				MTL_ENABLE_DEBUG_INFO = INCLUDE_SOURCE;
				MTL_FAST_MATH = YES;
				ONLY_ACTIVE_ARCH = YES;
				SDKROOT = iphoneos;
				SWIFT_ACTIVE_COMPILATION_CONDITIONS = "DEBUG $(inherited)";
				SWIFT_OPTIMIZATION_LEVEL = "-Onone";
			};
			name = Debug;
		};
		4D1B89E62C8372C300CC3F06 /* Release */ = {
			isa = XCBuildConfiguration;
			buildSettings = {
				ALWAYS_SEARCH_USER_PATHS = NO;
				ASSETCATALOG_COMPILER_GENERATE_SWIFT_ASSET_SYMBOL_EXTENSIONS = YES;
				CLANG_ANALYZER_NONNULL = YES;
				CLANG_ANALYZER_NUMBER_OBJECT_CONVERSION = YES_AGGRESSIVE;
				CLANG_CXX_LANGUAGE_STANDARD = "gnu++20";
				CLANG_ENABLE_MODULES = YES;
				CLANG_ENABLE_OBJC_ARC = YES;
				CLANG_ENABLE_OBJC_WEAK = YES;
				CLANG_WARN_BLOCK_CAPTURE_AUTORELEASING = YES;
				CLANG_WARN_BOOL_CONVERSION = YES;
				CLANG_WARN_COMMA = YES;
				CLANG_WARN_CONSTANT_CONVERSION = YES;
				CLANG_WARN_DEPRECATED_OBJC_IMPLEMENTATIONS = YES;
				CLANG_WARN_DIRECT_OBJC_ISA_USAGE = YES_ERROR;
				CLANG_WARN_DOCUMENTATION_COMMENTS = YES;
				CLANG_WARN_EMPTY_BODY = YES;
				CLANG_WARN_ENUM_CONVERSION = YES;
				CLANG_WARN_INFINITE_RECURSION = YES;
				CLANG_WARN_INT_CONVERSION = YES;
				CLANG_WARN_NON_LITERAL_NULL_CONVERSION = YES;
				CLANG_WARN_OBJC_IMPLICIT_RETAIN_SELF = YES;
				CLANG_WARN_OBJC_LITERAL_CONVERSION = YES;
				CLANG_WARN_OBJC_ROOT_CLASS = YES_ERROR;
				CLANG_WARN_QUOTED_INCLUDE_IN_FRAMEWORK_HEADER = YES;
				CLANG_WARN_RANGE_LOOP_ANALYSIS = YES;
				CLANG_WARN_STRICT_PROTOTYPES = YES;
				CLANG_WARN_SUSPICIOUS_MOVE = YES;
				CLANG_WARN_UNGUARDED_AVAILABILITY = YES_AGGRESSIVE;
				CLANG_WARN_UNREACHABLE_CODE = YES;
				CLANG_WARN__DUPLICATE_METHOD_MATCH = YES;
				COPY_PHASE_STRIP = NO;
				DEBUG_INFORMATION_FORMAT = "dwarf-with-dsym";
				ENABLE_NS_ASSERTIONS = NO;
				ENABLE_STRICT_OBJC_MSGSEND = YES;
				ENABLE_USER_SCRIPT_SANDBOXING = YES;
				GCC_C_LANGUAGE_STANDARD = gnu17;
				GCC_NO_COMMON_BLOCKS = YES;
				GCC_WARN_64_TO_32_BIT_CONVERSION = YES;
				GCC_WARN_ABOUT_RETURN_TYPE = YES_ERROR;
				GCC_WARN_UNDECLARED_SELECTOR = YES;
				GCC_WARN_UNINITIALIZED_AUTOS = YES_AGGRESSIVE;
				GCC_WARN_UNUSED_FUNCTION = YES;
				GCC_WARN_UNUSED_VARIABLE = YES;
				IPHONEOS_DEPLOYMENT_TARGET = 15.0;
				LOCALIZATION_PREFERS_STRING_CATALOGS = YES;
				MTL_ENABLE_DEBUG_INFO = NO;
				MTL_FAST_MATH = YES;
				SDKROOT = iphoneos;
				SWIFT_COMPILATION_MODE = wholemodule;
				VALIDATE_PRODUCT = YES;
			};
			name = Release;
		};
		4D1B89E82C8372C300CC3F06 /* Debug */ = {
			isa = XCBuildConfiguration;
			buildSettings = {
				ASSETCATALOG_COMPILER_APPICON_NAME = AppIcon;
				ASSETCATALOG_COMPILER_GLOBAL_ACCENT_COLOR_NAME = AccentColor;
				CODE_SIGN_STYLE = Automatic;
				CURRENT_PROJECT_VERSION = 1;
				GENERATE_INFOPLIST_FILE = YES;
				INFOPLIST_FILE = GistApp/Resources/Info.plist;
				INFOPLIST_KEY_UIApplicationSupportsIndirectInputEvents = YES;
				INFOPLIST_KEY_UILaunchStoryboardName = LaunchScreen;
				INFOPLIST_KEY_UISupportedInterfaceOrientations = UIInterfaceOrientationPortrait;
				IPHONEOS_DEPLOYMENT_TARGET = 15.0;
				LD_RUNPATH_SEARCH_PATHS = (
					"$(inherited)",
					"@executable_path/Frameworks",
				);
				MARKETING_VERSION = 1.0.0;
				PRODUCT_BUNDLE_IDENTIFIER = br.com.gist.app.GistApp;
				PRODUCT_NAME = "$(TARGET_NAME)";
				SWIFT_EMIT_LOC_STRINGS = YES;
				SWIFT_VERSION = 5.0;
				TARGETED_DEVICE_FAMILY = "1,2";
			};
			name = Debug;
		};
		4D1B89E92C8372C300CC3F06 /* Release */ = {
			isa = XCBuildConfiguration;
			buildSettings = {
				ASSETCATALOG_COMPILER_APPICON_NAME = AppIcon;
				ASSETCATALOG_COMPILER_GLOBAL_ACCENT_COLOR_NAME = AccentColor;
				CODE_SIGN_STYLE = Automatic;
				CURRENT_PROJECT_VERSION = 1;
				GENERATE_INFOPLIST_FILE = YES;
				INFOPLIST_FILE = GistApp/Resources/Info.plist;
				INFOPLIST_KEY_UIApplicationSupportsIndirectInputEvents = YES;
				INFOPLIST_KEY_UILaunchStoryboardName = LaunchScreen;
				INFOPLIST_KEY_UISupportedInterfaceOrientations = UIInterfaceOrientationPortrait;
				IPHONEOS_DEPLOYMENT_TARGET = 15.0;
				LD_RUNPATH_SEARCH_PATHS = (
					"$(inherited)",
					"@executable_path/Frameworks",
				);
				MARKETING_VERSION = 1.0.0;
				PRODUCT_BUNDLE_IDENTIFIER = br.com.gist.app.GistApp;
				PRODUCT_NAME = "$(TARGET_NAME)";
				SWIFT_EMIT_LOC_STRINGS = YES;
				SWIFT_VERSION = 5.0;
				TARGETED_DEVICE_FAMILY = "1,2";
			};
			name = Release;
		};
		4D1B89EB2C8372C300CC3F06 /* Debug */ = {
			isa = XCBuildConfiguration;
			buildSettings = {
				ALWAYS_EMBED_SWIFT_STANDARD_LIBRARIES = YES;
				BUNDLE_LOADER = "$(TEST_HOST)";
				CODE_SIGN_STYLE = Automatic;
				CURRENT_PROJECT_VERSION = 1;
				GENERATE_INFOPLIST_FILE = YES;
				IPHONEOS_DEPLOYMENT_TARGET = 17.2;
				MARKETING_VERSION = 1.0;
				PRODUCT_BUNDLE_IDENTIFIER = br.com.gist.app.GistAppTests;
				PRODUCT_NAME = "$(TARGET_NAME)";
				SWIFT_EMIT_LOC_STRINGS = NO;
				SWIFT_VERSION = 5.0;
				TARGETED_DEVICE_FAMILY = "1,2";
				TEST_HOST = "$(BUILT_PRODUCTS_DIR)/GistApp.app/$(BUNDLE_EXECUTABLE_FOLDER_PATH)/GistApp";
			};
			name = Debug;
		};
		4D1B89EC2C8372C300CC3F06 /* Release */ = {
			isa = XCBuildConfiguration;
			buildSettings = {
				ALWAYS_EMBED_SWIFT_STANDARD_LIBRARIES = YES;
				BUNDLE_LOADER = "$(TEST_HOST)";
				CODE_SIGN_STYLE = Automatic;
				CURRENT_PROJECT_VERSION = 1;
				GENERATE_INFOPLIST_FILE = YES;
				IPHONEOS_DEPLOYMENT_TARGET = 17.2;
				MARKETING_VERSION = 1.0;
				PRODUCT_BUNDLE_IDENTIFIER = br.com.gist.app.GistAppTests;
				PRODUCT_NAME = "$(TARGET_NAME)";
				SWIFT_EMIT_LOC_STRINGS = NO;
				SWIFT_VERSION = 5.0;
				TARGETED_DEVICE_FAMILY = "1,2";
				TEST_HOST = "$(BUILT_PRODUCTS_DIR)/GistApp.app/$(BUNDLE_EXECUTABLE_FOLDER_PATH)/GistApp";
			};
			name = Release;
		};
/* End XCBuildConfiguration section */

/* Begin XCConfigurationList section */
		4D1B89B82C8372C200CC3F06 /* Build configuration list for PBXProject "GistApp" */ = {
			isa = XCConfigurationList;
			buildConfigurations = (
				4D1B89E52C8372C300CC3F06 /* Debug */,
				4D1B89E62C8372C300CC3F06 /* Release */,
			);
			defaultConfigurationIsVisible = 0;
			defaultConfigurationName = Release;
		};
		4D1B89E72C8372C300CC3F06 /* Build configuration list for PBXNativeTarget "GistApp" */ = {
			isa = XCConfigurationList;
			buildConfigurations = (
				4D1B89E82C8372C300CC3F06 /* Debug */,
				4D1B89E92C8372C300CC3F06 /* Release */,
			);
			defaultConfigurationIsVisible = 0;
			defaultConfigurationName = Release;
		};
		4D1B89EA2C8372C300CC3F06 /* Build configuration list for PBXNativeTarget "GistAppTests" */ = {
			isa = XCConfigurationList;
			buildConfigurations = (
				4D1B89EB2C8372C300CC3F06 /* Debug */,
				4D1B89EC2C8372C300CC3F06 /* Release */,
			);
			defaultConfigurationIsVisible = 0;
			defaultConfigurationName = Release;
		};
/* End XCConfigurationList section */

/* Begin XCSwiftPackageProductDependency section */
		4D706A7F2C83CD720095DD64 /* GistDetailKit */ = {
			isa = XCSwiftPackageProductDependency;
			productName = GistDetailKit;
		};
		4D706A812C83CD760095DD64 /* FavoritesKit */ = {
			isa = XCSwiftPackageProductDependency;
			productName = FavoritesKit;
		};
		4D71DBD92C83C17800F88D17 /* RouterKit */ = {
			isa = XCSwiftPackageProductDependency;
			productName = RouterKit;
		};
		4D71DBE12C83C19C00F88D17 /* GistKit */ = {
			isa = XCSwiftPackageProductDependency;
			productName = GistKit;
		};
		4DE0BCA62C8664EB00E69F62 /* DatabaseKit */ = {
			isa = XCSwiftPackageProductDependency;
			productName = DatabaseKit;
		};
/* End XCSwiftPackageProductDependency section */
	};
	rootObject = 4D1B89B52C8372C200CC3F06 /* Project object */;
}
